
Microsoft Visual Studio Solution File, Format Version 12.00
# Visual Studio Version 17
VisualStudioVersion = 17.8.34322.80
MinimumVisualStudioVersion = 10.0.40219.1
Project("{9A19103F-16F7-4668-BE54-9A1E7A4F7556}") = "MyFirstWebShop", "MyFirstWebShop\MyFirstWebShop\MyFirstWebShop.csproj", "{7C75991A-9905-422B-BE61-6EBF9CD8AF86}"
EndProject
Project("{9A19103F-16F7-4668-BE54-9A1E7A4F7556}") = "MyFirstWebShop.Client", "MyFirstWebShop\MyFirstWebShop.Client\MyFirstWebShop.Client.csproj", "{577FC562-C616-4552-AC6F-B801EEE6EF72}"
EndProject
Global
	GlobalSection(SolutionConfigurationPlatforms) = preSolution
		Debug|Any CPU = Debug|Any CPU
		Release|Any CPU = Release|Any CPU
	EndGlobalSection
	GlobalSection(ProjectConfigurationPlatforms) = postSolution
		{7C75991A-9905-422B-BE61-6EBF9CD8AF86}.Debug|Any CPU.ActiveCfg = Debug|Any CPU
		{7C75991A-9905-422B-BE61-6EBF9CD8AF86}.Debug|Any CPU.Build.0 = Debug|Any CPU
		{7C75991A-9905-422B-BE61-6EBF9CD8AF86}.Release|Any CPU.ActiveCfg = Release|Any CPU
		{7C75991A-9905-422B-BE61-6EBF9CD8AF86}.Release|Any CPU.Build.0 = Release|Any CPU
		{577FC562-C616-4552-AC6F-B801EEE6EF72}.Debug|Any CPU.ActiveCfg = Debug|Any CPU
		{577FC562-C616-4552-AC6F-B801EEE6EF72}.Debug|Any CPU.Build.0 = Debug|Any CPU
		{577FC562-C616-4552-AC6F-B801EEE6EF72}.Release|Any CPU.ActiveCfg = Release|Any CPU
		{577FC562-C616-4552-AC6F-B801EEE6EF72}.Release|Any CPU.Build.0 = Release|Any CPU
	EndGlobalSection
	GlobalSection(SolutionProperties) = preSolution
		HideSolutionNode = FALSE
	EndGlobalSection
	GlobalSection(ExtensibilityGlobals) = postSolution
		SolutionGuid = {FC7B4F03-29CD-4F56-A6CC-7CF46244CD64}
	EndGlobalSection
EndGlobal
